
Microsoft Visual Studio Solution File, Format Version 12.00
# Visual Studio Version 17
VisualStudioVersion = 17.14.36511.14 d17.14
MinimumVisualStudioVersion = 10.0.40219.1
Project("{FAE04EC0-301F-11D3-BF4B-00C04F79EFBC}") = "MKKDotNetTrainingBatch3.WindowsFormsApp2", "TechnortalDotNetTrainingBatch3.WindowsFormsApp2\MKKDotNetTrainingBatch3.WindowsFormsApp2.csproj", "{207049DC-939F-C841-5085-73F6B86AB038}"
EndProject
Project("{FAE04EC0-301F-11D3-BF4B-00C04F79EFBC}") = "MKKDotNetTrainingBatch3.ConsoleApp1.Database", "MKKDotNetTrainingBatch3.ConsoleApp1.Database\MKKDotNetTrainingBatch3.ConsoleApp1.Database.csproj", "{8DA3E777-7D20-BAE9-0124-265EA2B8E781}"
EndProject
Global
	GlobalSection(SolutionConfigurationPlatforms) = preSolution
		Debug|Any CPU = Debug|Any CPU
		Release|Any CPU = Release|Any CPU
	EndGlobalSection
	GlobalSection(ProjectConfigurationPlatforms) = postSolution
		{207049DC-939F-C841-5085-73F6B86AB038}.Debug|Any CPU.ActiveCfg = Debug|Any CPU
		{207049DC-939F-C841-5085-73F6B86AB038}.Debug|Any CPU.Build.0 = Debug|Any CPU
		{207049DC-939F-C841-5085-73F6B86AB038}.Release|Any CPU.ActiveCfg = Release|Any CPU
		{207049DC-939F-C841-5085-73F6B86AB038}.Release|Any CPU.Build.0 = Release|Any CPU
		{8DA3E777-7D20-BAE9-0124-265EA2B8E781}.Debug|Any CPU.ActiveCfg = Debug|Any CPU
		{8DA3E777-7D20-BAE9-0124-265EA2B8E781}.Debug|Any CPU.Build.0 = Debug|Any CPU
		{8DA3E777-7D20-BAE9-0124-265EA2B8E781}.Release|Any CPU.ActiveCfg = Release|Any CPU
		{8DA3E777-7D20-BAE9-0124-265EA2B8E781}.Release|Any CPU.Build.0 = Release|Any CPU
	EndGlobalSection
	GlobalSection(SolutionProperties) = preSolution
		HideSolutionNode = FALSE
	EndGlobalSection
	GlobalSection(ExtensibilityGlobals) = postSolution
		SolutionGuid = {3D5E5F3F-F9E7-481D-92A0-D05D39181B64}
	EndGlobalSection
EndGlobal
